
Microsoft Visual Studio Solution File, Format Version 12.00
# Visual Studio Version 16
VisualStudioVersion = 16.0.30907.101
MinimumVisualStudioVersion = 10.0.40219.1
Project("{FAE04EC0-301F-11D3-BF4B-00C04F79EFBC}") = "dz16video", "dz16video\dz16video.csproj", "{42F6DDDE-5559-445F-9CE0-6F5524C3CD1B}"
EndProject
Global
	GlobalSection(SolutionConfigurationPlatforms) = preSolution
		Debug|Any CPU = Debug|Any CPU
		Release|Any CPU = Release|Any CPU
	EndGlobalSection
	GlobalSection(ProjectConfigurationPlatforms) = postSolution
		{42F6DDDE-5559-445F-9CE0-6F5524C3CD1B}.Debug|Any CPU.ActiveCfg = Debug|Any CPU
		{42F6DDDE-5559-445F-9CE0-6F5524C3CD1B}.Debug|Any CPU.Build.0 = Debug|Any CPU
		{42F6DDDE-5559-445F-9CE0-6F5524C3CD1B}.Release|Any CPU.ActiveCfg = Release|Any CPU
		{42F6DDDE-5559-445F-9CE0-6F5524C3CD1B}.Release|Any CPU.Build.0 = Release|Any CPU
	EndGlobalSection
	GlobalSection(SolutionProperties) = preSolution
		HideSolutionNode = FALSE
	EndGlobalSection
	GlobalSection(ExtensibilityGlobals) = postSolution
		SolutionGuid = {A0995563-8658-4B52-8C5A-3A79E909F811}
	EndGlobalSection
EndGlobal
