
Microsoft Visual Studio Solution File, Format Version 12.00
# Visual Studio Version 16
VisualStudioVersion = 16.0.30907.101
MinimumVisualStudioVersion = 10.0.40219.1
Project("{FAE04EC0-301F-11D3-BF4B-00C04F79EFBC}") = "dz1", "dz1\dz1.csproj", "{928B3795-C117-400B-B96C-614898A514B1}"
EndProject
Project("{FAE04EC0-301F-11D3-BF4B-00C04F79EFBC}") = "dz2", "dz2\dz2.csproj", "{BD6CDBDF-B2DD-4319-A72A-F434A618F6BC}"
EndProject
Project("{FAE04EC0-301F-11D3-BF4B-00C04F79EFBC}") = "dz3", "dz3\dz3.csproj", "{DE4A53B6-A330-45C1-92E3-6C43237DF1A7}"
EndProject
Global
	GlobalSection(SolutionConfigurationPlatforms) = preSolution
		Debug|Any CPU = Debug|Any CPU
		Release|Any CPU = Release|Any CPU
	EndGlobalSection
	GlobalSection(ProjectConfigurationPlatforms) = postSolution
		{928B3795-C117-400B-B96C-614898A514B1}.Debug|Any CPU.ActiveCfg = Debug|Any CPU
		{928B3795-C117-400B-B96C-614898A514B1}.Debug|Any CPU.Build.0 = Debug|Any CPU
		{928B3795-C117-400B-B96C-614898A514B1}.Release|Any CPU.ActiveCfg = Release|Any CPU
		{928B3795-C117-400B-B96C-614898A514B1}.Release|Any CPU.Build.0 = Release|Any CPU
		{BD6CDBDF-B2DD-4319-A72A-F434A618F6BC}.Debug|Any CPU.ActiveCfg = Debug|Any CPU
		{BD6CDBDF-B2DD-4319-A72A-F434A618F6BC}.Debug|Any CPU.Build.0 = Debug|Any CPU
		{BD6CDBDF-B2DD-4319-A72A-F434A618F6BC}.Release|Any CPU.ActiveCfg = Release|Any CPU
		{BD6CDBDF-B2DD-4319-A72A-F434A618F6BC}.Release|Any CPU.Build.0 = Release|Any CPU
		{DE4A53B6-A330-45C1-92E3-6C43237DF1A7}.Debug|Any CPU.ActiveCfg = Debug|Any CPU
		{DE4A53B6-A330-45C1-92E3-6C43237DF1A7}.Debug|Any CPU.Build.0 = Debug|Any CPU
		{DE4A53B6-A330-45C1-92E3-6C43237DF1A7}.Release|Any CPU.ActiveCfg = Release|Any CPU
		{DE4A53B6-A330-45C1-92E3-6C43237DF1A7}.Release|Any CPU.Build.0 = Release|Any CPU
	EndGlobalSection
	GlobalSection(SolutionProperties) = preSolution
		HideSolutionNode = FALSE
	EndGlobalSection
	GlobalSection(ExtensibilityGlobals) = postSolution
		SolutionGuid = {7FF9888C-8088-4742-9EC5-DCE725FA52BF}
	EndGlobalSection
EndGlobal
